
Microsoft Visual Studio Solution File, Format Version 12.00
# Visual Studio 2013
VisualStudioVersion = 12.0.30723.0
MinimumVisualStudioVersion = 10.0.40219.1
Project("{2150E333-8FDC-42A3-9474-1A3956D46DE8}") = "0-Presentation", "0-Presentation", "{2BBF4DF2-8365-43D0-BE38-B87AE131FE5F}"
EndProject
Project("{FAE04EC0-301F-11D3-BF4B-00C04F79EFBC}") = "GADS2013M10.PNetWeb2.AV1.Presentation.MVC", "GADS2013M10.PNetWeb2.AV1.Presentation.MVC\GADS2013M10.PNetWeb2.AV1.Presentation.MVC.csproj", "{5830D88C-423D-4FC6-B35F-B0AAB1D62889}"
EndProject
Project("{2150E333-8FDC-42A3-9474-1A3956D46DE8}") = "1-Domain", "1-Domain", "{D0FB392F-21FB-46FD-BA6A-C6EA4CE1A958}"
EndProject
Project("{FAE04EC0-301F-11D3-BF4B-00C04F79EFBC}") = "GADS2013M10.PNetWeb2.AV1.Domain", "GADS2013M10.PNetWeb2.AV1.Domain\GADS2013M10.PNetWeb2.AV1.Domain.csproj", "{C84353BB-49C6-48C4-A7AC-8E692F2FC7B2}"
EndProject
Global
	GlobalSection(SolutionConfigurationPlatforms) = preSolution
		Debug|Any CPU = Debug|Any CPU
		Release|Any CPU = Release|Any CPU
	EndGlobalSection
	GlobalSection(ProjectConfigurationPlatforms) = postSolution
		{5830D88C-423D-4FC6-B35F-B0AAB1D62889}.Debug|Any CPU.ActiveCfg = Debug|Any CPU
		{5830D88C-423D-4FC6-B35F-B0AAB1D62889}.Debug|Any CPU.Build.0 = Debug|Any CPU
		{5830D88C-423D-4FC6-B35F-B0AAB1D62889}.Release|Any CPU.ActiveCfg = Release|Any CPU
		{5830D88C-423D-4FC6-B35F-B0AAB1D62889}.Release|Any CPU.Build.0 = Release|Any CPU
		{C84353BB-49C6-48C4-A7AC-8E692F2FC7B2}.Debug|Any CPU.ActiveCfg = Debug|Any CPU
		{C84353BB-49C6-48C4-A7AC-8E692F2FC7B2}.Debug|Any CPU.Build.0 = Debug|Any CPU
		{C84353BB-49C6-48C4-A7AC-8E692F2FC7B2}.Release|Any CPU.ActiveCfg = Release|Any CPU
		{C84353BB-49C6-48C4-A7AC-8E692F2FC7B2}.Release|Any CPU.Build.0 = Release|Any CPU
	EndGlobalSection
	GlobalSection(SolutionProperties) = preSolution
		HideSolutionNode = FALSE
	EndGlobalSection
	GlobalSection(NestedProjects) = preSolution
		{5830D88C-423D-4FC6-B35F-B0AAB1D62889} = {2BBF4DF2-8365-43D0-BE38-B87AE131FE5F}
		{C84353BB-49C6-48C4-A7AC-8E692F2FC7B2} = {D0FB392F-21FB-46FD-BA6A-C6EA4CE1A958}
	EndGlobalSection
EndGlobal
